
Microsoft Visual Studio Solution File, Format Version 12.00
# Visual Studio Version 16
VisualStudioVersion = 16.0.31624.102
MinimumVisualStudioVersion = 10.0.40219.1
Project("{F184B08F-C81C-45F6-A57F-5ABD9991F28F}") = "Highlander_Hotel", "Highlander_Hotel\Highlander_Hotel.vbproj", "{56FEA69F-98B4-4968-B0A2-3E407FA4A34E}"
EndProject
Global
	GlobalSection(SolutionConfigurationPlatforms) = preSolution
		Debug|Any CPU = Debug|Any CPU
		Release|Any CPU = Release|Any CPU
	EndGlobalSection
	GlobalSection(ProjectConfigurationPlatforms) = postSolution
		{56FEA69F-98B4-4968-B0A2-3E407FA4A34E}.Debug|Any CPU.ActiveCfg = Debug|Any CPU
		{56FEA69F-98B4-4968-B0A2-3E407FA4A34E}.Debug|Any CPU.Build.0 = Debug|Any CPU
		{56FEA69F-98B4-4968-B0A2-3E407FA4A34E}.Release|Any CPU.ActiveCfg = Release|Any CPU
		{56FEA69F-98B4-4968-B0A2-3E407FA4A34E}.Release|Any CPU.Build.0 = Release|Any CPU
	EndGlobalSection
	GlobalSection(SolutionProperties) = preSolution
		HideSolutionNode = FALSE
	EndGlobalSection
	GlobalSection(ExtensibilityGlobals) = postSolution
		SolutionGuid = {EAED955F-C154-4165-93FF-638393CE2D6B}
	EndGlobalSection
EndGlobal
